
Microsoft Visual Studio Solution File, Format Version 12.00
# Visual Studio Version 17
VisualStudioVersion = 17.3.32811.315
MinimumVisualStudioVersion = 10.0.40219.1
Project("{2150E333-8FDC-42A3-9474-1A3956D46DE8}") = "1. Enterprise Business Rules", "1. Enterprise Business Rules", "{D2CB85D7-1141-4F7E-8BF6-11CBC72A254E}"
EndProject
Project("{2150E333-8FDC-42A3-9474-1A3956D46DE8}") = "2. Application Business Rules", "2. Application Business Rules", "{A64B2C0B-39D2-4C37-B7AB-2E3B4EB76FE4}"
EndProject
Project("{2150E333-8FDC-42A3-9474-1A3956D46DE8}") = "3. Interface Adapters", "3. Interface Adapters", "{2BBF1F24-EBFC-4B8B-80BD-9B962DF3AAC4}"
EndProject
Project("{2150E333-8FDC-42A3-9474-1A3956D46DE8}") = "4. Framework And Drivers", "4. Framework And Drivers", "{9A03CFCA-0D88-4AF2-AA79-F977A7B9AB60}"
EndProject
Project("{9A19103F-16F7-4668-BE54-9A1E7A4F7556}") = "NorthWind.Entities", "NorthWind.Entities\NorthWind.Entities.csproj", "{F82ED35C-828F-4F06-B266-FE5694BE5C77}"
EndProject
Project("{9A19103F-16F7-4668-BE54-9A1E7A4F7556}") = "NorthWind.Sales.BusinessObjects", "NorthWind.Sales.BusinessObjects\NorthWind.Sales.BusinessObjects.csproj", "{11ACE41F-397B-42F6-AA16-E651BC048853}"
EndProject
Project("{9A19103F-16F7-4668-BE54-9A1E7A4F7556}") = "NorthWind.Sales.UseCases", "NorthWind.Sales.UseCases\NorthWind.Sales.UseCases.csproj", "{3967C30E-D67A-4F18-85E4-60788FBA12E4}"
EndProject
Project("{2150E333-8FDC-42A3-9474-1A3956D46DE8}") = "Gateways", "Gateways", "{111AD22D-2929-4729-BD92-3CCDA8C1D1CC}"
EndProject
Project("{2150E333-8FDC-42A3-9474-1A3956D46DE8}") = "Repositories", "Repositories", "{A512D67C-1903-4ADA-AD6E-C008C60C6DF1}"
EndProject
Project("{9A19103F-16F7-4668-BE54-9A1E7A4F7556}") = "NorthWind.EFCore.Repositories", "Northwind.EFCore.Repositories\NorthWind.EFCore.Repositories.csproj", "{139C9D54-7463-4DCB-B3AA-C7AC3C52D161}"
EndProject
Project("{2150E333-8FDC-42A3-9474-1A3956D46DE8}") = "Presenters", "Presenters", "{E242DB48-B020-4FDD-8D3B-5524EE810CBE}"
EndProject
Project("{FAE04EC0-301F-11D3-BF4B-00C04F79EFBC}") = "NorthWind.Sales.Presenters", "NorthWind.Sales.Presenters\NorthWind.Sales.Presenters.csproj", "{6BF814CD-4499-4743-A0B3-39FD75877980}"
EndProject
Project("{2150E333-8FDC-42A3-9474-1A3956D46DE8}") = "Controllers", "Controllers", "{90871232-7532-49F5-944B-6ED6504B1536}"
EndProject
Project("{FAE04EC0-301F-11D3-BF4B-00C04F79EFBC}") = "NorthWind.Sales.Controllers", "NorthWind.Sales.Controllers\NorthWind.Sales.Controllers.csproj", "{AD194EA2-4133-4547-9CDC-D7327B616F4A}"
EndProject
Project("{FAE04EC0-301F-11D3-BF4B-00C04F79EFBC}") = "NorthWind.Sales.IoC", "NorthWind.Sales.IoC\NorthWind.Sales.IoC.csproj", "{18F93516-189E-4FD9-9D63-70E11847CC93}"
EndProject
Project("{2150E333-8FDC-42A3-9474-1A3956D46DE8}") = "UIs", "UIs", "{048E54DA-C04B-4704-A5DC-70284D7CECE6}"
EndProject
Project("{FAE04EC0-301F-11D3-BF4B-00C04F79EFBC}") = "NorthWind.Sales.WebApi", "NorthWind.Sales.WebApi\NorthWind.Sales.WebApi.csproj", "{5995DAB0-0BB8-43BA-915B-0BD11F4F5418}"
EndProject
Global
	GlobalSection(SolutionConfigurationPlatforms) = preSolution
		Debug|Any CPU = Debug|Any CPU
		Release|Any CPU = Release|Any CPU
	EndGlobalSection
	GlobalSection(ProjectConfigurationPlatforms) = postSolution
		{F82ED35C-828F-4F06-B266-FE5694BE5C77}.Debug|Any CPU.ActiveCfg = Debug|Any CPU
		{F82ED35C-828F-4F06-B266-FE5694BE5C77}.Debug|Any CPU.Build.0 = Debug|Any CPU
		{F82ED35C-828F-4F06-B266-FE5694BE5C77}.Release|Any CPU.ActiveCfg = Release|Any CPU
		{F82ED35C-828F-4F06-B266-FE5694BE5C77}.Release|Any CPU.Build.0 = Release|Any CPU
		{11ACE41F-397B-42F6-AA16-E651BC048853}.Debug|Any CPU.ActiveCfg = Debug|Any CPU
		{11ACE41F-397B-42F6-AA16-E651BC048853}.Debug|Any CPU.Build.0 = Debug|Any CPU
		{11ACE41F-397B-42F6-AA16-E651BC048853}.Release|Any CPU.ActiveCfg = Release|Any CPU
		{11ACE41F-397B-42F6-AA16-E651BC048853}.Release|Any CPU.Build.0 = Release|Any CPU
		{3967C30E-D67A-4F18-85E4-60788FBA12E4}.Debug|Any CPU.ActiveCfg = Debug|Any CPU
		{3967C30E-D67A-4F18-85E4-60788FBA12E4}.Debug|Any CPU.Build.0 = Debug|Any CPU
		{3967C30E-D67A-4F18-85E4-60788FBA12E4}.Release|Any CPU.ActiveCfg = Release|Any CPU
		{3967C30E-D67A-4F18-85E4-60788FBA12E4}.Release|Any CPU.Build.0 = Release|Any CPU
		{139C9D54-7463-4DCB-B3AA-C7AC3C52D161}.Debug|Any CPU.ActiveCfg = Debug|Any CPU
		{139C9D54-7463-4DCB-B3AA-C7AC3C52D161}.Debug|Any CPU.Build.0 = Debug|Any CPU
		{139C9D54-7463-4DCB-B3AA-C7AC3C52D161}.Release|Any CPU.ActiveCfg = Release|Any CPU
		{139C9D54-7463-4DCB-B3AA-C7AC3C52D161}.Release|Any CPU.Build.0 = Release|Any CPU
		{6BF814CD-4499-4743-A0B3-39FD75877980}.Debug|Any CPU.ActiveCfg = Debug|Any CPU
		{6BF814CD-4499-4743-A0B3-39FD75877980}.Debug|Any CPU.Build.0 = Debug|Any CPU
		{6BF814CD-4499-4743-A0B3-39FD75877980}.Release|Any CPU.ActiveCfg = Release|Any CPU
		{6BF814CD-4499-4743-A0B3-39FD75877980}.Release|Any CPU.Build.0 = Release|Any CPU
		{AD194EA2-4133-4547-9CDC-D7327B616F4A}.Debug|Any CPU.ActiveCfg = Debug|Any CPU
		{AD194EA2-4133-4547-9CDC-D7327B616F4A}.Debug|Any CPU.Build.0 = Debug|Any CPU
		{AD194EA2-4133-4547-9CDC-D7327B616F4A}.Release|Any CPU.ActiveCfg = Release|Any CPU
		{AD194EA2-4133-4547-9CDC-D7327B616F4A}.Release|Any CPU.Build.0 = Release|Any CPU
		{18F93516-189E-4FD9-9D63-70E11847CC93}.Debug|Any CPU.ActiveCfg = Debug|Any CPU
		{18F93516-189E-4FD9-9D63-70E11847CC93}.Debug|Any CPU.Build.0 = Debug|Any CPU
		{18F93516-189E-4FD9-9D63-70E11847CC93}.Release|Any CPU.ActiveCfg = Release|Any CPU
		{18F93516-189E-4FD9-9D63-70E11847CC93}.Release|Any CPU.Build.0 = Release|Any CPU
		{5995DAB0-0BB8-43BA-915B-0BD11F4F5418}.Debug|Any CPU.ActiveCfg = Debug|Any CPU
		{5995DAB0-0BB8-43BA-915B-0BD11F4F5418}.Debug|Any CPU.Build.0 = Debug|Any CPU
		{5995DAB0-0BB8-43BA-915B-0BD11F4F5418}.Release|Any CPU.ActiveCfg = Release|Any CPU
		{5995DAB0-0BB8-43BA-915B-0BD11F4F5418}.Release|Any CPU.Build.0 = Release|Any CPU
	EndGlobalSection
	GlobalSection(SolutionProperties) = preSolution
		HideSolutionNode = FALSE
	EndGlobalSection
	GlobalSection(NestedProjects) = preSolution
		{F82ED35C-828F-4F06-B266-FE5694BE5C77} = {D2CB85D7-1141-4F7E-8BF6-11CBC72A254E}
		{11ACE41F-397B-42F6-AA16-E651BC048853} = {A64B2C0B-39D2-4C37-B7AB-2E3B4EB76FE4}
		{3967C30E-D67A-4F18-85E4-60788FBA12E4} = {A64B2C0B-39D2-4C37-B7AB-2E3B4EB76FE4}
		{111AD22D-2929-4729-BD92-3CCDA8C1D1CC} = {2BBF1F24-EBFC-4B8B-80BD-9B962DF3AAC4}
		{A512D67C-1903-4ADA-AD6E-C008C60C6DF1} = {111AD22D-2929-4729-BD92-3CCDA8C1D1CC}
		{139C9D54-7463-4DCB-B3AA-C7AC3C52D161} = {A512D67C-1903-4ADA-AD6E-C008C60C6DF1}
		{E242DB48-B020-4FDD-8D3B-5524EE810CBE} = {2BBF1F24-EBFC-4B8B-80BD-9B962DF3AAC4}
		{6BF814CD-4499-4743-A0B3-39FD75877980} = {E242DB48-B020-4FDD-8D3B-5524EE810CBE}
		{90871232-7532-49F5-944B-6ED6504B1536} = {2BBF1F24-EBFC-4B8B-80BD-9B962DF3AAC4}
		{AD194EA2-4133-4547-9CDC-D7327B616F4A} = {90871232-7532-49F5-944B-6ED6504B1536}
		{18F93516-189E-4FD9-9D63-70E11847CC93} = {2BBF1F24-EBFC-4B8B-80BD-9B962DF3AAC4}
		{048E54DA-C04B-4704-A5DC-70284D7CECE6} = {9A03CFCA-0D88-4AF2-AA79-F977A7B9AB60}
		{5995DAB0-0BB8-43BA-915B-0BD11F4F5418} = {048E54DA-C04B-4704-A5DC-70284D7CECE6}
	EndGlobalSection
	GlobalSection(ExtensibilityGlobals) = postSolution
		SolutionGuid = {D3E8A8D9-C65B-4E75-ABFE-4E9CF16E1A38}
	EndGlobalSection
EndGlobal
